
Microsoft Visual Studio Solution File, Format Version 12.00
# Visual Studio Version 16
VisualStudioVersion = 16.0.31019.35
MinimumVisualStudioVersion = 10.0.40219.1
Project("{FAE04EC0-301F-11D3-BF4B-00C04F79EFBC}") = "ArraySample", "ArraySample.csproj", "{0D74C56E-6B4D-48B5-86D1-5F416755ED32}"
EndProject
Project("{FAE04EC0-301F-11D3-BF4B-00C04F79EFBC}") = "ConsoleApp8", "..\ConsoleApp8\ConsoleApp8.csproj", "{CD29AEEB-108D-42B7-8E4E-6338F0E119A1}"
EndProject
Project("{FAE04EC0-301F-11D3-BF4B-00C04F79EFBC}") = "Runtime", "..\..\Runtime\Runtime\Runtime.csproj", "{34226CB0-48A9-40EF-B95E-464FD77AF7E1}"
EndProject
Global
	GlobalSection(SolutionConfigurationPlatforms) = preSolution
		Debug|Any CPU = Debug|Any CPU
		Release|Any CPU = Release|Any CPU
	EndGlobalSection
	GlobalSection(ProjectConfigurationPlatforms) = postSolution
		{0D74C56E-6B4D-48B5-86D1-5F416755ED32}.Debug|Any CPU.ActiveCfg = Debug|Any CPU
		{0D74C56E-6B4D-48B5-86D1-5F416755ED32}.Debug|Any CPU.Build.0 = Debug|Any CPU
		{0D74C56E-6B4D-48B5-86D1-5F416755ED32}.Release|Any CPU.ActiveCfg = Release|Any CPU
		{0D74C56E-6B4D-48B5-86D1-5F416755ED32}.Release|Any CPU.Build.0 = Release|Any CPU
		{CD29AEEB-108D-42B7-8E4E-6338F0E119A1}.Debug|Any CPU.ActiveCfg = Debug|Any CPU
		{CD29AEEB-108D-42B7-8E4E-6338F0E119A1}.Debug|Any CPU.Build.0 = Debug|Any CPU
		{CD29AEEB-108D-42B7-8E4E-6338F0E119A1}.Release|Any CPU.ActiveCfg = Release|Any CPU
		{CD29AEEB-108D-42B7-8E4E-6338F0E119A1}.Release|Any CPU.Build.0 = Release|Any CPU
		{34226CB0-48A9-40EF-B95E-464FD77AF7E1}.Debug|Any CPU.ActiveCfg = Debug|Any CPU
		{34226CB0-48A9-40EF-B95E-464FD77AF7E1}.Debug|Any CPU.Build.0 = Debug|Any CPU
		{34226CB0-48A9-40EF-B95E-464FD77AF7E1}.Release|Any CPU.ActiveCfg = Release|Any CPU
		{34226CB0-48A9-40EF-B95E-464FD77AF7E1}.Release|Any CPU.Build.0 = Release|Any CPU
	EndGlobalSection
	GlobalSection(SolutionProperties) = preSolution
		HideSolutionNode = FALSE
	EndGlobalSection
	GlobalSection(ExtensibilityGlobals) = postSolution
		SolutionGuid = {146B8194-26DB-42BD-97DA-EFBA187E8463}
	EndGlobalSection
EndGlobal
